
Microsoft Visual Studio Solution File, Format Version 12.00
Project("{FAE04EC0-301F-11D3-BF4B-00C04F79EFBC}") = "StickyTunes.API", "StickyTunes.API\StickyTunes.API.csproj", "{DAB95109-25E2-48C9-AB52-89757A8E5FD4}"
EndProject
Project("{FAE04EC0-301F-11D3-BF4B-00C04F79EFBC}") = "StickyTunes.Data", "StickyTunes.Data\StickyTunes.Data.csproj", "{C5F25257-09A9-49F3-8A40-1388EE543416}"
EndProject
Project("{FAE04EC0-301F-11D3-BF4B-00C04F79EFBC}") = "StickyTunes.Business", "StickyTunes.Business\StickyTunes.Business.csproj", "{6EC55F84-6216-4D5E-9755-5A63FBAFE14B}"
EndProject
Global
	GlobalSection(SolutionConfigurationPlatforms) = preSolution
		Debug|Any CPU = Debug|Any CPU
		Release|Any CPU = Release|Any CPU
	EndGlobalSection
	GlobalSection(ProjectConfigurationPlatforms) = postSolution
		{DAB95109-25E2-48C9-AB52-89757A8E5FD4}.Debug|Any CPU.ActiveCfg = Debug|Any CPU
		{DAB95109-25E2-48C9-AB52-89757A8E5FD4}.Debug|Any CPU.Build.0 = Debug|Any CPU
		{DAB95109-25E2-48C9-AB52-89757A8E5FD4}.Release|Any CPU.ActiveCfg = Release|Any CPU
		{DAB95109-25E2-48C9-AB52-89757A8E5FD4}.Release|Any CPU.Build.0 = Release|Any CPU
		{C5F25257-09A9-49F3-8A40-1388EE543416}.Debug|Any CPU.ActiveCfg = Debug|Any CPU
		{C5F25257-09A9-49F3-8A40-1388EE543416}.Debug|Any CPU.Build.0 = Debug|Any CPU
		{C5F25257-09A9-49F3-8A40-1388EE543416}.Release|Any CPU.ActiveCfg = Release|Any CPU
		{C5F25257-09A9-49F3-8A40-1388EE543416}.Release|Any CPU.Build.0 = Release|Any CPU
		{6EC55F84-6216-4D5E-9755-5A63FBAFE14B}.Debug|Any CPU.ActiveCfg = Debug|Any CPU
		{6EC55F84-6216-4D5E-9755-5A63FBAFE14B}.Debug|Any CPU.Build.0 = Debug|Any CPU
		{6EC55F84-6216-4D5E-9755-5A63FBAFE14B}.Release|Any CPU.ActiveCfg = Release|Any CPU
		{6EC55F84-6216-4D5E-9755-5A63FBAFE14B}.Release|Any CPU.Build.0 = Release|Any CPU
	EndGlobalSection
EndGlobal
